
Microsoft Visual Studio Solution File, Format Version 12.00
# Visual Studio 15
VisualStudioVersion = 15.0.26730.16
MinimumVisualStudioVersion = 10.0.40219.1
Project("{FAE04EC0-301F-11D3-BF4B-00C04F79EFBC}") = "GradeFinder", "GradeFinder\GradeFinder.csproj", "{3B16085A-1B9A-4138-997C-A539EFA6343A}"
EndProject
Global
	GlobalSection(SolutionConfigurationPlatforms) = preSolution
		Debug|Any CPU = Debug|Any CPU
		Release|Any CPU = Release|Any CPU
	EndGlobalSection
	GlobalSection(ProjectConfigurationPlatforms) = postSolution
		{3B16085A-1B9A-4138-997C-A539EFA6343A}.Debug|Any CPU.ActiveCfg = Debug|Any CPU
		{3B16085A-1B9A-4138-997C-A539EFA6343A}.Debug|Any CPU.Build.0 = Debug|Any CPU
		{3B16085A-1B9A-4138-997C-A539EFA6343A}.Release|Any CPU.ActiveCfg = Release|Any CPU
		{3B16085A-1B9A-4138-997C-A539EFA6343A}.Release|Any CPU.Build.0 = Release|Any CPU
	EndGlobalSection
	GlobalSection(SolutionProperties) = preSolution
		HideSolutionNode = FALSE
	EndGlobalSection
	GlobalSection(ExtensibilityGlobals) = postSolution
		SolutionGuid = {B229DCCA-95B4-4A04-8A49-3BE3389CCFF4}
	EndGlobalSection
EndGlobal
